
Microsoft Visual Studio Solution File, Format Version 12.00
# Visual Studio Version 16
VisualStudioVersion = 25.0.1704.0
MinimumVisualStudioVersion = 10.0.40219.1
Project("{FAE04EC0-301F-11D3-BF4B-00C04F79EFBC}") = "src", "RavelliCompete\src.csproj", "{CA6A5905-BED6-41D9-BB7A-876C8340AE59}"
EndProject
Global
	GlobalSection(SolutionConfigurationPlatforms) = preSolution
		Debug|Any CPU = Debug|Any CPU
		Release|Any CPU = Release|Any CPU
	EndGlobalSection
	GlobalSection(ProjectConfigurationPlatforms) = postSolution
		{CA6A5905-BED6-41D9-BB7A-876C8340AE59}.Debug|Any CPU.ActiveCfg = Debug|Any CPU
		{CA6A5905-BED6-41D9-BB7A-876C8340AE59}.Debug|Any CPU.Build.0 = Debug|Any CPU
		{CA6A5905-BED6-41D9-BB7A-876C8340AE59}.Release|Any CPU.ActiveCfg = Release|Any CPU
		{CA6A5905-BED6-41D9-BB7A-876C8340AE59}.Release|Any CPU.Build.0 = Release|Any CPU
	EndGlobalSection
	GlobalSection(SolutionProperties) = preSolution
		HideSolutionNode = FALSE
	EndGlobalSection
	GlobalSection(ExtensibilityGlobals) = postSolution
		SolutionGuid = {2A2E5AB9-2435-46ED-86A5-556172260888}
	EndGlobalSection
EndGlobal
